
Microsoft Visual Studio Solution File, Format Version 12.00
# Visual Studio Version 16
VisualStudioVersion = 16.0.31112.23
MinimumVisualStudioVersion = 10.0.40219.1
Project("{FAE04EC0-301F-11D3-BF4B-00C04F79EFBC}") = "SetGame", "SetGame\SetGame.csproj", "{BBFC27DC-875F-4E9B-99D4-4CA2FF01FBA0}"
EndProject
Global
	GlobalSection(SolutionConfigurationPlatforms) = preSolution
		Debug|Any CPU = Debug|Any CPU
		Release|Any CPU = Release|Any CPU
	EndGlobalSection
	GlobalSection(ProjectConfigurationPlatforms) = postSolution
		{BBFC27DC-875F-4E9B-99D4-4CA2FF01FBA0}.Debug|Any CPU.ActiveCfg = Debug|Any CPU
		{BBFC27DC-875F-4E9B-99D4-4CA2FF01FBA0}.Debug|Any CPU.Build.0 = Debug|Any CPU
		{BBFC27DC-875F-4E9B-99D4-4CA2FF01FBA0}.Release|Any CPU.ActiveCfg = Release|Any CPU
		{BBFC27DC-875F-4E9B-99D4-4CA2FF01FBA0}.Release|Any CPU.Build.0 = Release|Any CPU
	EndGlobalSection
	GlobalSection(SolutionProperties) = preSolution
		HideSolutionNode = FALSE
	EndGlobalSection
	GlobalSection(ExtensibilityGlobals) = postSolution
		SolutionGuid = {FC803293-807B-49FD-976C-EDA690E33A1F}
	EndGlobalSection
EndGlobal
